
Microsoft Visual Studio Solution File, Format Version 12.00
# Visual Studio Version 16
VisualStudioVersion = 16.0.28922.388
MinimumVisualStudioVersion = 10.0.40219.1
Project("{FAE04EC0-301F-11D3-BF4B-00C04F79EFBC}") = "ConsoleAppDmitry", "ConsoleAppDmitry\ConsoleAppDmitry.csproj", "{BBEF510B-2B9F-4F84-AF8E-5F87DA4E6133}"
EndProject
Global
	GlobalSection(SolutionConfigurationPlatforms) = preSolution
		Debug|Any CPU = Debug|Any CPU
		Release|Any CPU = Release|Any CPU
	EndGlobalSection
	GlobalSection(ProjectConfigurationPlatforms) = postSolution
		{BBEF510B-2B9F-4F84-AF8E-5F87DA4E6133}.Debug|Any CPU.ActiveCfg = Debug|Any CPU
		{BBEF510B-2B9F-4F84-AF8E-5F87DA4E6133}.Debug|Any CPU.Build.0 = Debug|Any CPU
		{BBEF510B-2B9F-4F84-AF8E-5F87DA4E6133}.Release|Any CPU.ActiveCfg = Release|Any CPU
		{BBEF510B-2B9F-4F84-AF8E-5F87DA4E6133}.Release|Any CPU.Build.0 = Release|Any CPU
	EndGlobalSection
	GlobalSection(SolutionProperties) = preSolution
		HideSolutionNode = FALSE
	EndGlobalSection
	GlobalSection(ExtensibilityGlobals) = postSolution
		SolutionGuid = {7E9082C3-3203-4034-A9B7-0FD8F544186B}
	EndGlobalSection
EndGlobal
